
Microsoft Visual Studio Solution File, Format Version 12.00
# Visual Studio Version 16
VisualStudioVersion = 16.0.31515.178
MinimumVisualStudioVersion = 10.0.40219.1
Project("{9A19103F-16F7-4668-BE54-9A1E7A4F7556}") = "Nady", "Nady\Nady.csproj", "{88E4F831-F84A-4775-B134-FD37C5994FBC}"
EndProject
Project("{9A19103F-16F7-4668-BE54-9A1E7A4F7556}") = "DataBase", "DataBase\DataBase.csproj", "{7876A3EC-7B8B-49AB-9618-B232416DF423}"
EndProject
Project("{FAE04EC0-301F-11D3-BF4B-00C04F79EFBC}") = "NadyApiTest", "NadyApiTest\NadyApiTest.csproj", "{9D8AC387-5215-4D93-ABB6-C9273BC4039C}"
EndProject
Global
	GlobalSection(SolutionConfigurationPlatforms) = preSolution
		Debug|Any CPU = Debug|Any CPU
		Release|Any CPU = Release|Any CPU
	EndGlobalSection
	GlobalSection(ProjectConfigurationPlatforms) = postSolution
		{88E4F831-F84A-4775-B134-FD37C5994FBC}.Debug|Any CPU.ActiveCfg = Debug|Any CPU
		{88E4F831-F84A-4775-B134-FD37C5994FBC}.Debug|Any CPU.Build.0 = Debug|Any CPU
		{88E4F831-F84A-4775-B134-FD37C5994FBC}.Release|Any CPU.ActiveCfg = Release|Any CPU
		{88E4F831-F84A-4775-B134-FD37C5994FBC}.Release|Any CPU.Build.0 = Release|Any CPU
		{7876A3EC-7B8B-49AB-9618-B232416DF423}.Debug|Any CPU.ActiveCfg = Debug|Any CPU
		{7876A3EC-7B8B-49AB-9618-B232416DF423}.Debug|Any CPU.Build.0 = Debug|Any CPU
		{7876A3EC-7B8B-49AB-9618-B232416DF423}.Release|Any CPU.ActiveCfg = Release|Any CPU
		{7876A3EC-7B8B-49AB-9618-B232416DF423}.Release|Any CPU.Build.0 = Release|Any CPU
		{9D8AC387-5215-4D93-ABB6-C9273BC4039C}.Debug|Any CPU.ActiveCfg = Debug|Any CPU
		{9D8AC387-5215-4D93-ABB6-C9273BC4039C}.Debug|Any CPU.Build.0 = Debug|Any CPU
		{9D8AC387-5215-4D93-ABB6-C9273BC4039C}.Release|Any CPU.ActiveCfg = Release|Any CPU
		{9D8AC387-5215-4D93-ABB6-C9273BC4039C}.Release|Any CPU.Build.0 = Release|Any CPU
	EndGlobalSection
	GlobalSection(SolutionProperties) = preSolution
		HideSolutionNode = FALSE
	EndGlobalSection
	GlobalSection(ExtensibilityGlobals) = postSolution
		SolutionGuid = {63E05C02-CA74-4D9A-B10C-90B49EC9B118}
	EndGlobalSection
EndGlobal
